
Terraform used the selected providers to generate the following execution
plan. Resource actions are indicated with the following symbols:
  [32m+[0m create
[0m
Terraform will perform the following actions:

[1m  # module.gke.google_container_cluster.cluster[0m will be created[0m[0m
[0m  [32m+[0m[0m resource "google_container_cluster" "cluster" {
      [32m+[0m [0m[1m[0mcluster_ipv4_cidr[0m[0m           = (known after apply)
      [32m+[0m [0m[1m[0mdatapath_provider[0m[0m           = (known after apply)
      [32m+[0m [0m[1m[0mdefault_max_pods_per_node[0m[0m   = (known after apply)
      [32m+[0m [0m[1m[0menable_binary_authorization[0m[0m = false
      [32m+[0m [0m[1m[0menable_intranode_visibility[0m[0m = (known after apply)
      [32m+[0m [0m[1m[0menable_kubernetes_alpha[0m[0m     = false
      [32m+[0m [0m[1m[0menable_l4_ilb_subsetting[0m[0m    = false
      [32m+[0m [0m[1m[0menable_legacy_abac[0m[0m          = false
      [32m+[0m [0m[1m[0menable_shielded_nodes[0m[0m       = true
      [32m+[0m [0m[1m[0mendpoint[0m[0m                    = (known after apply)
      [32m+[0m [0m[1m[0mid[0m[0m                          = (known after apply)
      [32m+[0m [0m[1m[0minitial_node_count[0m[0m          = 1
      [32m+[0m [0m[1m[0mlabel_fingerprint[0m[0m           = (known after apply)
      [32m+[0m [0m[1m[0mlocation[0m[0m                    = "asia-south1-a"
      [32m+[0m [0m[1m[0mlogging_service[0m[0m             = (known after apply)
      [32m+[0m [0m[1m[0mmaster_version[0m[0m              = (known after apply)
      [32m+[0m [0m[1m[0mmonitoring_service[0m[0m          = (known after apply)
      [32m+[0m [0m[1m[0mname[0m[0m                        = "nett-jen-cluster"
      [32m+[0m [0m[1m[0mnetwork[0m[0m                     = (known after apply)
      [32m+[0m [0m[1m[0mnetworking_mode[0m[0m             = (known after apply)
      [32m+[0m [0m[1m[0mnode_locations[0m[0m              = (known after apply)
      [32m+[0m [0m[1m[0mnode_version[0m[0m                = (known after apply)
      [32m+[0m [0m[1m[0moperation[0m[0m                   = (known after apply)
      [32m+[0m [0m[1m[0mprivate_ipv6_google_access[0m[0m  = (known after apply)
      [32m+[0m [0m[1m[0mproject[0m[0m                     = "tech-rnd-project"
      [32m+[0m [0m[1m[0mremove_default_node_pool[0m[0m    = true
      [32m+[0m [0m[1m[0mself_link[0m[0m                   = (known after apply)
      [32m+[0m [0m[1m[0mservices_ipv4_cidr[0m[0m          = (known after apply)
      [32m+[0m [0m[1m[0msubnetwork[0m[0m                  = (known after apply)
      [32m+[0m [0m[1m[0mtpu_ipv4_cidr_block[0m[0m         = (known after apply)

      [32m+[0m [0maddons_config {
          [32m+[0m [0mcloudrun_config {
              [32m+[0m [0m[1m[0mdisabled[0m[0m           = (known after apply)
              [32m+[0m [0m[1m[0mload_balancer_type[0m[0m = (known after apply)
            }

          [32m+[0m [0mdns_cache_config {
              [32m+[0m [0m[1m[0menabled[0m[0m = (known after apply)
            }

          [32m+[0m [0mgce_persistent_disk_csi_driver_config {
              [32m+[0m [0m[1m[0menabled[0m[0m = (known after apply)
            }

          [32m+[0m [0mgcp_filestore_csi_driver_config {
              [32m+[0m [0m[1m[0menabled[0m[0m = (known after apply)
            }

          [32m+[0m [0mhorizontal_pod_autoscaling {
              [32m+[0m [0m[1m[0mdisabled[0m[0m = (known after apply)
            }

          [32m+[0m [0mhttp_load_balancing {
              [32m+[0m [0m[1m[0mdisabled[0m[0m = (known after apply)
            }

          [32m+[0m [0mnetwork_policy_config {
              [32m+[0m [0m[1m[0mdisabled[0m[0m = (known after apply)
            }
        }

      [32m+[0m [0mauthenticator_groups_config {
          [32m+[0m [0m[1m[0msecurity_group[0m[0m = (known after apply)
        }

      [32m+[0m [0mcluster_autoscaling {
          [32m+[0m [0m[1m[0menabled[0m[0m = (known after apply)

          [32m+[0m [0mauto_provisioning_defaults {
              [32m+[0m [0m[1m[0mboot_disk_kms_key[0m[0m = (known after apply)
              [32m+[0m [0m[1m[0mdisk_size[0m[0m         = (known after apply)
              [32m+[0m [0m[1m[0mdisk_type[0m[0m         = (known after apply)
              [32m+[0m [0m[1m[0mimage_type[0m[0m        = (known after apply)
              [32m+[0m [0m[1m[0moauth_scopes[0m[0m      = (known after apply)
              [32m+[0m [0m[1m[0mservice_account[0m[0m   = (known after apply)

              [32m+[0m [0mmanagement {
                  [32m+[0m [0m[1m[0mauto_repair[0m[0m     = (known after apply)
                  [32m+[0m [0m[1m[0mauto_upgrade[0m[0m    = (known after apply)
                  [32m+[0m [0m[1m[0mupgrade_options[0m[0m = (known after apply)
                }

              [32m+[0m [0mshielded_instance_config {
                  [32m+[0m [0m[1m[0menable_integrity_monitoring[0m[0m = (known after apply)
                  [32m+[0m [0m[1m[0menable_secure_boot[0m[0m          = (known after apply)
                }
            }

          [32m+[0m [0mresource_limits {
              [32m+[0m [0m[1m[0mmaximum[0m[0m       = (known after apply)
              [32m+[0m [0m[1m[0mminimum[0m[0m       = (known after apply)
              [32m+[0m [0m[1m[0mresource_type[0m[0m = (known after apply)
            }
        }

      [32m+[0m [0mconfidential_nodes {
          [32m+[0m [0m[1m[0menabled[0m[0m = (known after apply)
        }

      [32m+[0m [0mcost_management_config {
          [32m+[0m [0m[1m[0menabled[0m[0m = (known after apply)
        }

      [32m+[0m [0mdatabase_encryption {
          [32m+[0m [0m[1m[0mkey_name[0m[0m = (known after apply)
          [32m+[0m [0m[1m[0mstate[0m[0m    = (known after apply)
        }

      [32m+[0m [0mdefault_snat_status {
          [32m+[0m [0m[1m[0mdisabled[0m[0m = (known after apply)
        }

      [32m+[0m [0mip_allocation_policy {
          [32m+[0m [0m[1m[0mcluster_ipv4_cidr_block[0m[0m       = (known after apply)
          [32m+[0m [0m[1m[0mcluster_secondary_range_name[0m[0m  = (known after apply)
          [32m+[0m [0m[1m[0mservices_ipv4_cidr_block[0m[0m      = (known after apply)
          [32m+[0m [0m[1m[0mservices_secondary_range_name[0m[0m = (known after apply)
        }

      [32m+[0m [0mlogging_config {
          [32m+[0m [0m[1m[0menable_components[0m[0m = (known after apply)
        }

      [32m+[0m [0mmaster_auth {
          [32m+[0m [0m[1m[0mclient_certificate[0m[0m     = (known after apply)
          [32m+[0m [0m[1m[0mclient_key[0m[0m             = (sensitive value)
          [32m+[0m [0m[1m[0mcluster_ca_certificate[0m[0m = (known after apply)

          [32m+[0m [0mclient_certificate_config {
              [32m+[0m [0m[1m[0missue_client_certificate[0m[0m = (known after apply)
            }
        }

      [32m+[0m [0mmesh_certificates {
          [32m+[0m [0m[1m[0menable_certificates[0m[0m = (known after apply)
        }

      [32m+[0m [0mmonitoring_config {
          [32m+[0m [0m[1m[0menable_components[0m[0m = (known after apply)
        }

      [32m+[0m [0mnode_config {
          [32m+[0m [0m[1m[0mboot_disk_kms_key[0m[0m = (known after apply)
          [32m+[0m [0m[1m[0mdisk_size_gb[0m[0m      = (known after apply)
          [32m+[0m [0m[1m[0mdisk_type[0m[0m         = (known after apply)
          [32m+[0m [0m[1m[0mguest_accelerator[0m[0m = (known after apply)
          [32m+[0m [0m[1m[0mimage_type[0m[0m        = (known after apply)
          [32m+[0m [0m[1m[0mlabels[0m[0m            = (known after apply)
          [32m+[0m [0m[1m[0mlocal_ssd_count[0m[0m   = (known after apply)
          [32m+[0m [0m[1m[0mlogging_variant[0m[0m   = (known after apply)
          [32m+[0m [0m[1m[0mmachine_type[0m[0m      = (known after apply)
          [32m+[0m [0m[1m[0mmetadata[0m[0m          = (known after apply)
          [32m+[0m [0m[1m[0mmin_cpu_platform[0m[0m  = (known after apply)
          [32m+[0m [0m[1m[0mnode_group[0m[0m        = (known after apply)
          [32m+[0m [0m[1m[0moauth_scopes[0m[0m      = (known after apply)
          [32m+[0m [0m[1m[0mpreemptible[0m[0m       = (known after apply)
          [32m+[0m [0m[1m[0mservice_account[0m[0m   = (known after apply)
          [32m+[0m [0m[1m[0mspot[0m[0m              = (known after apply)
          [32m+[0m [0m[1m[0mtags[0m[0m              = (known after apply)
          [32m+[0m [0m[1m[0mtaint[0m[0m             = (known after apply)

          [32m+[0m [0mgcfs_config {
              [32m+[0m [0m[1m[0menabled[0m[0m = (known after apply)
            }

          [32m+[0m [0mgvnic {
              [32m+[0m [0m[1m[0menabled[0m[0m = (known after apply)
            }

          [32m+[0m [0mreservation_affinity {
              [32m+[0m [0m[1m[0mconsume_reservation_type[0m[0m = (known after apply)
              [32m+[0m [0m[1m[0mkey[0m[0m                      = (known after apply)
              [32m+[0m [0m[1m[0mvalues[0m[0m                   = (known after apply)
            }

          [32m+[0m [0mshielded_instance_config {
              [32m+[0m [0m[1m[0menable_integrity_monitoring[0m[0m = (known after apply)
              [32m+[0m [0m[1m[0menable_secure_boot[0m[0m          = (known after apply)
            }

          [32m+[0m [0mworkload_metadata_config {
              [32m+[0m [0m[1m[0mmode[0m[0m = (known after apply)
            }
        }

      [32m+[0m [0mnode_pool {
          [32m+[0m [0m[1m[0minitial_node_count[0m[0m          = (known after apply)
          [32m+[0m [0m[1m[0minstance_group_urls[0m[0m         = (known after apply)
          [32m+[0m [0m[1m[0mmanaged_instance_group_urls[0m[0m = (known after apply)
          [32m+[0m [0m[1m[0mmax_pods_per_node[0m[0m           = (known after apply)
          [32m+[0m [0m[1m[0mname[0m[0m                        = (known after apply)
          [32m+[0m [0m[1m[0mname_prefix[0m[0m                 = (known after apply)
          [32m+[0m [0m[1m[0mnode_count[0m[0m                  = (known after apply)
          [32m+[0m [0m[1m[0mnode_locations[0m[0m              = (known after apply)
          [32m+[0m [0m[1m[0mversion[0m[0m                     = (known after apply)

          [32m+[0m [0mautoscaling {
              [32m+[0m [0m[1m[0mlocation_policy[0m[0m      = (known after apply)
              [32m+[0m [0m[1m[0mmax_node_count[0m[0m       = (known after apply)
              [32m+[0m [0m[1m[0mmin_node_count[0m[0m       = (known after apply)
              [32m+[0m [0m[1m[0mtotal_max_node_count[0m[0m = (known after apply)
              [32m+[0m [0m[1m[0mtotal_min_node_count[0m[0m = (known after apply)
            }

          [32m+[0m [0mmanagement {
              [32m+[0m [0m[1m[0mauto_repair[0m[0m  = (known after apply)
              [32m+[0m [0m[1m[0mauto_upgrade[0m[0m = (known after apply)
            }

          [32m+[0m [0mnode_config {
              [32m+[0m [0m[1m[0mboot_disk_kms_key[0m[0m = (known after apply)
              [32m+[0m [0m[1m[0mdisk_size_gb[0m[0m      = (known after apply)
              [32m+[0m [0m[1m[0mdisk_type[0m[0m         = (known after apply)
              [32m+[0m [0m[1m[0mguest_accelerator[0m[0m = (known after apply)
              [32m+[0m [0m[1m[0mimage_type[0m[0m        = (known after apply)
              [32m+[0m [0m[1m[0mlabels[0m[0m            = (known after apply)
              [32m+[0m [0m[1m[0mlocal_ssd_count[0m[0m   = (known after apply)
              [32m+[0m [0m[1m[0mlogging_variant[0m[0m   = (known after apply)
              [32m+[0m [0m[1m[0mmachine_type[0m[0m      = (known after apply)
              [32m+[0m [0m[1m[0mmetadata[0m[0m          = (known after apply)
              [32m+[0m [0m[1m[0mmin_cpu_platform[0m[0m  = (known after apply)
              [32m+[0m [0m[1m[0mnode_group[0m[0m        = (known after apply)
              [32m+[0m [0m[1m[0moauth_scopes[0m[0m      = (known after apply)
              [32m+[0m [0m[1m[0mpreemptible[0m[0m       = (known after apply)
              [32m+[0m [0m[1m[0mservice_account[0m[0m   = (known after apply)
              [32m+[0m [0m[1m[0mspot[0m[0m              = (known after apply)
              [32m+[0m [0m[1m[0mtags[0m[0m              = (known after apply)
              [32m+[0m [0m[1m[0mtaint[0m[0m             = (known after apply)

              [32m+[0m [0mgcfs_config {
                  [32m+[0m [0m[1m[0menabled[0m[0m = (known after apply)
                }

              [32m+[0m [0mgvnic {
                  [32m+[0m [0m[1m[0menabled[0m[0m = (known after apply)
                }

              [32m+[0m [0mreservation_affinity {
                  [32m+[0m [0m[1m[0mconsume_reservation_type[0m[0m = (known after apply)
                  [32m+[0m [0m[1m[0mkey[0m[0m                      = (known after apply)
                  [32m+[0m [0m[1m[0mvalues[0m[0m                   = (known after apply)
                }

              [32m+[0m [0mshielded_instance_config {
                  [32m+[0m [0m[1m[0menable_integrity_monitoring[0m[0m = (known after apply)
                  [32m+[0m [0m[1m[0menable_secure_boot[0m[0m          = (known after apply)
                }

              [32m+[0m [0mworkload_metadata_config {
                  [32m+[0m [0m[1m[0mmode[0m[0m = (known after apply)
                }
            }

          [32m+[0m [0mupgrade_settings {
              [32m+[0m [0m[1m[0mmax_surge[0m[0m       = (known after apply)
              [32m+[0m [0m[1m[0mmax_unavailable[0m[0m = (known after apply)
              [32m+[0m [0m[1m[0mstrategy[0m[0m        = (known after apply)

              [32m+[0m [0mblue_green_settings {
                  [32m+[0m [0m[1m[0mnode_pool_soak_duration[0m[0m = (known after apply)

                  [32m+[0m [0mstandard_rollout_policy {
                      [32m+[0m [0m[1m[0mbatch_node_count[0m[0m    = (known after apply)
                      [32m+[0m [0m[1m[0mbatch_percentage[0m[0m    = (known after apply)
                      [32m+[0m [0m[1m[0mbatch_soak_duration[0m[0m = (known after apply)
                    }
                }
            }
        }

      [32m+[0m [0mnode_pool_defaults {
          [32m+[0m [0mnode_config_defaults {
              [32m+[0m [0m[1m[0mlogging_variant[0m[0m = (known after apply)
            }
        }

      [32m+[0m [0mnotification_config {
          [32m+[0m [0mpubsub {
              [32m+[0m [0m[1m[0menabled[0m[0m = (known after apply)
              [32m+[0m [0m[1m[0mtopic[0m[0m   = (known after apply)

              [32m+[0m [0mfilter {
                  [32m+[0m [0m[1m[0mevent_type[0m[0m = (known after apply)
                }
            }
        }

      [32m+[0m [0mrelease_channel {
          [32m+[0m [0m[1m[0mchannel[0m[0m = (known after apply)
        }

      [32m+[0m [0mservice_external_ips_config {
          [32m+[0m [0m[1m[0menabled[0m[0m = (known after apply)
        }

      [32m+[0m [0mvertical_pod_autoscaling {
          [32m+[0m [0m[1m[0menabled[0m[0m = (known after apply)
        }

      [32m+[0m [0mworkload_identity_config {
          [32m+[0m [0m[1m[0mworkload_pool[0m[0m = (known after apply)
        }
    }

[1m  # module.gke.google_container_node_pool.pool1[0m will be created[0m[0m
[0m  [32m+[0m[0m resource "google_container_node_pool" "pool1" {
      [32m+[0m [0m[1m[0mcluster[0m[0m                     = "nett-jen-cluster"
      [32m+[0m [0m[1m[0mid[0m[0m                          = (known after apply)
      [32m+[0m [0m[1m[0minitial_node_count[0m[0m          = 1
      [32m+[0m [0m[1m[0minstance_group_urls[0m[0m         = (known after apply)
      [32m+[0m [0m[1m[0mlocation[0m[0m                    = "asia-south1-a"
      [32m+[0m [0m[1m[0mmanaged_instance_group_urls[0m[0m = (known after apply)
      [32m+[0m [0m[1m[0mmax_pods_per_node[0m[0m           = (known after apply)
      [32m+[0m [0m[1m[0mname[0m[0m                        = "cicd-node-group"
      [32m+[0m [0m[1m[0mname_prefix[0m[0m                 = (known after apply)
      [32m+[0m [0m[1m[0mnode_count[0m[0m                  = (known after apply)
      [32m+[0m [0m[1m[0mnode_locations[0m[0m              = (known after apply)
      [32m+[0m [0m[1m[0moperation[0m[0m                   = (known after apply)
      [32m+[0m [0m[1m[0mproject[0m[0m                     = (known after apply)
      [32m+[0m [0m[1m[0mversion[0m[0m                     = (known after apply)

      [32m+[0m [0mautoscaling {
          [32m+[0m [0m[1m[0mmax_node_count[0m[0m = 1
          [32m+[0m [0m[1m[0mmin_node_count[0m[0m = 1
        }

      [32m+[0m [0mmanagement {
          [32m+[0m [0m[1m[0mauto_repair[0m[0m  = (known after apply)
          [32m+[0m [0m[1m[0mauto_upgrade[0m[0m = (known after apply)
        }

      [32m+[0m [0mnode_config {
          [32m+[0m [0m[1m[0mdisk_size_gb[0m[0m      = (known after apply)
          [32m+[0m [0m[1m[0mdisk_type[0m[0m         = (known after apply)
          [32m+[0m [0m[1m[0mguest_accelerator[0m[0m = (known after apply)
          [32m+[0m [0m[1m[0mimage_type[0m[0m        = (known after apply)
          [32m+[0m [0m[1m[0mlabels[0m[0m            = (known after apply)
          [32m+[0m [0m[1m[0mlocal_ssd_count[0m[0m   = (known after apply)
          [32m+[0m [0m[1m[0mlogging_variant[0m[0m   = "DEFAULT"
          [32m+[0m [0m[1m[0mmachine_type[0m[0m      = "n1-standard-1"
          [32m+[0m [0m[1m[0mmetadata[0m[0m          = (known after apply)
          [32m+[0m [0m[1m[0mmin_cpu_platform[0m[0m  = (known after apply)
          [32m+[0m [0m[1m[0moauth_scopes[0m[0m      = (known after apply)
          [32m+[0m [0m[1m[0mpreemptible[0m[0m       = false
          [32m+[0m [0m[1m[0mservice_account[0m[0m   = (known after apply)
          [32m+[0m [0m[1m[0mspot[0m[0m              = false
          [32m+[0m [0m[1m[0mtaint[0m[0m             = (known after apply)

          [32m+[0m [0mshielded_instance_config {
              [32m+[0m [0m[1m[0menable_integrity_monitoring[0m[0m = (known after apply)
              [32m+[0m [0m[1m[0menable_secure_boot[0m[0m          = (known after apply)
            }

          [32m+[0m [0mworkload_metadata_config {
              [32m+[0m [0m[1m[0mmode[0m[0m = (known after apply)
            }
        }

      [32m+[0m [0mupgrade_settings {
          [32m+[0m [0m[1m[0mmax_surge[0m[0m       = (known after apply)
          [32m+[0m [0m[1m[0mmax_unavailable[0m[0m = (known after apply)
          [32m+[0m [0m[1m[0mstrategy[0m[0m        = (known after apply)

          [32m+[0m [0mblue_green_settings {
              [32m+[0m [0m[1m[0mnode_pool_soak_duration[0m[0m = (known after apply)

              [32m+[0m [0mstandard_rollout_policy {
                  [32m+[0m [0m[1m[0mbatch_node_count[0m[0m    = (known after apply)
                  [32m+[0m [0m[1m[0mbatch_percentage[0m[0m    = (known after apply)
                  [32m+[0m [0m[1m[0mbatch_soak_duration[0m[0m = (known after apply)
                }
            }
        }
    }

[1m  # module.subnet.google_compute_subnetwork.subnet[0m will be created[0m[0m
[0m  [32m+[0m[0m resource "google_compute_subnetwork" "subnet" {
      [32m+[0m [0m[1m[0mcreation_timestamp[0m[0m         = (known after apply)
      [32m+[0m [0m[1m[0mexternal_ipv6_prefix[0m[0m       = (known after apply)
      [32m+[0m [0m[1m[0mfingerprint[0m[0m                = (known after apply)
      [32m+[0m [0m[1m[0mgateway_address[0m[0m            = (known after apply)
      [32m+[0m [0m[1m[0mid[0m[0m                         = (known after apply)
      [32m+[0m [0m[1m[0mip_cidr_range[0m[0m              = "10.0.0.0/16"
      [32m+[0m [0m[1m[0mipv6_cidr_range[0m[0m            = (known after apply)
      [32m+[0m [0m[1m[0mname[0m[0m                       = "test-subnet-nett"
      [32m+[0m [0m[1m[0mnetwork[0m[0m                    = (known after apply)
      [32m+[0m [0m[1m[0mprivate_ipv6_google_access[0m[0m = (known after apply)
      [32m+[0m [0m[1m[0mproject[0m[0m                    = (known after apply)
      [32m+[0m [0m[1m[0mpurpose[0m[0m                    = (known after apply)
      [32m+[0m [0m[1m[0mregion[0m[0m                     = "asia-south1"
      [32m+[0m [0m[1m[0msecondary_ip_range[0m[0m         = (known after apply)
      [32m+[0m [0m[1m[0mself_link[0m[0m                  = (known after apply)
      [32m+[0m [0m[1m[0mstack_type[0m[0m                 = (known after apply)
    }

[1m  # module.vpc.google_compute_network.vpc[0m will be created[0m[0m
[0m  [32m+[0m[0m resource "google_compute_network" "vpc" {
      [32m+[0m [0m[1m[0mauto_create_subnetworks[0m[0m         = false
      [32m+[0m [0m[1m[0mdelete_default_routes_on_create[0m[0m = false
      [32m+[0m [0m[1m[0mgateway_ipv4[0m[0m                    = (known after apply)
      [32m+[0m [0m[1m[0mid[0m[0m                              = (known after apply)
      [32m+[0m [0m[1m[0minternal_ipv6_range[0m[0m             = (known after apply)
      [32m+[0m [0m[1m[0mmtu[0m[0m                             = (known after apply)
      [32m+[0m [0m[1m[0mname[0m[0m                            = "test-vpc-nett"
      [32m+[0m [0m[1m[0mproject[0m[0m                         = (known after apply)
      [32m+[0m [0m[1m[0mrouting_mode[0m[0m                    = (known after apply)
      [32m+[0m [0m[1m[0mself_link[0m[0m                       = (known after apply)
    }

[0m[1mPlan:[0m 4 to add, 0 to change, 0 to destroy.
[0m[0m[1mmodule.vpc.google_compute_network.vpc: Creating...[0m[0m
[0m[1mmodule.vpc.google_compute_network.vpc: Still creating... [10s elapsed][0m[0m
[0m[1mmodule.vpc.google_compute_network.vpc: Creation complete after 12s [id=projects/tech-rnd-project/global/networks/test-vpc-nett][0m
[0m[1mmodule.subnet.google_compute_subnetwork.subnet: Creating...[0m[0m
[0m[1mmodule.subnet.google_compute_subnetwork.subnet: Still creating... [10s elapsed][0m[0m
[0m[1mmodule.subnet.google_compute_subnetwork.subnet: Still creating... [20s elapsed][0m[0m
[0m[1mmodule.subnet.google_compute_subnetwork.subnet: Creation complete after 24s [id=projects/tech-rnd-project/regions/asia-south1/subnetworks/test-subnet-nett][0m
[0m[1mmodule.gke.google_container_cluster.cluster: Creating...[0m[0m
[0m[1mmodule.gke.google_container_cluster.cluster: Still creating... [10s elapsed][0m[0m
[0m[1mmodule.gke.google_container_cluster.cluster: Still creating... [20s elapsed][0m[0m
[0m[1mmodule.gke.google_container_cluster.cluster: Still creating... [30s elapsed][0m[0m
[0m[1mmodule.gke.google_container_cluster.cluster: Still creating... [40s elapsed][0m[0m
[0m[1mmodule.gke.google_container_cluster.cluster: Still creating... [50s elapsed][0m[0m
[0m[1mmodule.gke.google_container_cluster.cluster: Still creating... [1m0s elapsed][0m[0m
[0m[1mmodule.gke.google_container_cluster.cluster: Still creating... [1m10s elapsed][0m[0m
[0m[1mmodule.gke.google_container_cluster.cluster: Still creating... [1m20s elapsed][0m[0m
[0m[1mmodule.gke.google_container_cluster.cluster: Still creating... [1m30s elapsed][0m[0m
[0m[1mmodule.gke.google_container_cluster.cluster: Still creating... [1m40s elapsed][0m[0m
[0m[1mmodule.gke.google_container_cluster.cluster: Still creating... [1m50s elapsed][0m[0m
[0m[1mmodule.gke.google_container_cluster.cluster: Still creating... [2m0s elapsed][0m[0m
[0m[1mmodule.gke.google_container_cluster.cluster: Still creating... [2m10s elapsed][0m[0m
[0m[1mmodule.gke.google_container_cluster.cluster: Still creating... [2m20s elapsed][0m[0m
[0m[1mmodule.gke.google_container_cluster.cluster: Still creating... [2m30s elapsed][0m[0m
[0m[1mmodule.gke.google_container_cluster.cluster: Still creating... [2m40s elapsed][0m[0m
[0m[1mmodule.gke.google_container_cluster.cluster: Still creating... [2m50s elapsed][0m[0m
[0m[1mmodule.gke.google_container_cluster.cluster: Still creating... [3m0s elapsed][0m[0m
[0m[1mmodule.gke.google_container_cluster.cluster: Still creating... [3m10s elapsed][0m[0m
[0m[1mmodule.gke.google_container_cluster.cluster: Still creating... [3m20s elapsed][0m[0m
[0m[1mmodule.gke.google_container_cluster.cluster: Still creating... [3m30s elapsed][0m[0m
[0m[1mmodule.gke.google_container_cluster.cluster: Still creating... [3m40s elapsed][0m[0m
[0m[1mmodule.gke.google_container_cluster.cluster: Still creating... [3m50s elapsed][0m[0m
[0m[1mmodule.gke.google_container_cluster.cluster: Still creating... [4m0s elapsed][0m[0m
[0m[1mmodule.gke.google_container_cluster.cluster: Still creating... [4m10s elapsed][0m[0m
[0m[1mmodule.gke.google_container_cluster.cluster: Still creating... [4m20s elapsed][0m[0m
[0m[1mmodule.gke.google_container_cluster.cluster: Still creating... [4m30s elapsed][0m[0m
[0m[1mmodule.gke.google_container_cluster.cluster: Still creating... [4m40s elapsed][0m[0m
[0m[1mmodule.gke.google_container_cluster.cluster: Still creating... [4m50s elapsed][0m[0m
[0m[1mmodule.gke.google_container_cluster.cluster: Still creating... [5m0s elapsed][0m[0m
[0m[1mmodule.gke.google_container_cluster.cluster: Still creating... [5m10s elapsed][0m[0m
[0m[1mmodule.gke.google_container_cluster.cluster: Still creating... [5m20s elapsed][0m[0m
[0m[1mmodule.gke.google_container_cluster.cluster: Still creating... [5m30s elapsed][0m[0m
[0m[1mmodule.gke.google_container_cluster.cluster: Still creating... [5m40s elapsed][0m[0m
[0m[1mmodule.gke.google_container_cluster.cluster: Still creating... [5m50s elapsed][0m[0m
[0m[1mmodule.gke.google_container_cluster.cluster: Still creating... [6m0s elapsed][0m[0m
[0m[1mmodule.gke.google_container_cluster.cluster: Still creating... [6m10s elapsed][0m[0m
[0m[1mmodule.gke.google_container_cluster.cluster: Still creating... [6m20s elapsed][0m[0m
[0m[1mmodule.gke.google_container_cluster.cluster: Still creating... [6m30s elapsed][0m[0m
[0m[1mmodule.gke.google_container_cluster.cluster: Still creating... [6m40s elapsed][0m[0m
[0m[1mmodule.gke.google_container_cluster.cluster: Still creating... [6m50s elapsed][0m[0m
[0m[1mmodule.gke.google_container_cluster.cluster: Still creating... [7m0s elapsed][0m[0m
[0m[1mmodule.gke.google_container_cluster.cluster: Still creating... [7m10s elapsed][0m[0m
[0m[1mmodule.gke.google_container_cluster.cluster: Still creating... [7m20s elapsed][0m[0m
[0m[1mmodule.gke.google_container_cluster.cluster: Still creating... [7m30s elapsed][0m[0m
[0m[1mmodule.gke.google_container_cluster.cluster: Still creating... [7m40s elapsed][0m[0m
[0m[1mmodule.gke.google_container_cluster.cluster: Still creating... [7m50s elapsed][0m[0m
[0m[1mmodule.gke.google_container_cluster.cluster: Still creating... [8m0s elapsed][0m[0m
[0m[1mmodule.gke.google_container_cluster.cluster: Still creating... [8m10s elapsed][0m[0m
[0m[1mmodule.gke.google_container_cluster.cluster: Still creating... [8m20s elapsed][0m[0m
